
Microsoft Visual Studio Solution File, Format Version 12.00
# Visual Studio 15
VisualStudioVersion = 15.0.28307.705
MinimumVisualStudioVersion = 10.0.40219.1
Project("{FAE04EC0-301F-11D3-BF4B-00C04F79EFBC}") = "0407_insertUser", "0407_insertUser\0407_insertUser.csproj", "{920E2D18-20EA-4F25-8FEF-5FBD9975D198}"
EndProject
Global
	GlobalSection(SolutionConfigurationPlatforms) = preSolution
		Debug|Any CPU = Debug|Any CPU
		Release|Any CPU = Release|Any CPU
	EndGlobalSection
	GlobalSection(ProjectConfigurationPlatforms) = postSolution
		{920E2D18-20EA-4F25-8FEF-5FBD9975D198}.Debug|Any CPU.ActiveCfg = Debug|Any CPU
		{920E2D18-20EA-4F25-8FEF-5FBD9975D198}.Debug|Any CPU.Build.0 = Debug|Any CPU
		{920E2D18-20EA-4F25-8FEF-5FBD9975D198}.Release|Any CPU.ActiveCfg = Release|Any CPU
		{920E2D18-20EA-4F25-8FEF-5FBD9975D198}.Release|Any CPU.Build.0 = Release|Any CPU
	EndGlobalSection
	GlobalSection(SolutionProperties) = preSolution
		HideSolutionNode = FALSE
	EndGlobalSection
	GlobalSection(ExtensibilityGlobals) = postSolution
		SolutionGuid = {1931AB3D-606C-4684-AEDB-DE1BB43BA43B}
	EndGlobalSection
EndGlobal
