
Microsoft Visual Studio Solution File, Format Version 12.00
# Visual Studio 15
VisualStudioVersion = 15.0.28307.705
MinimumVisualStudioVersion = 10.0.40219.1
Project("{FAE04EC0-301F-11D3-BF4B-00C04F79EFBC}") = "BusinessSystem", "BusinessSystem\BusinessSystem.csproj", "{0E8E8405-AA03-4341-9FDF-54CC5447471E}"
EndProject
Project("{FAE04EC0-301F-11D3-BF4B-00C04F79EFBC}") = "Controls", "Controls\Controls.csproj", "{1902C417-BF2F-4EBD-B834-C2FCA45A6E00}"
EndProject
Project("{FAE04EC0-301F-11D3-BF4B-00C04F79EFBC}") = "MainControls", "MainControls\MainControls.csproj", "{F9B06959-355D-4641-BF4C-47135DD5EF57}"
EndProject
Project("{FAE04EC0-301F-11D3-BF4B-00C04F79EFBC}") = "BusinessSystemDBEntityModel", "BusinessSystemDBEntityModel\BusinessSystemDBEntityModel.csproj", "{F15169FD-5172-4D9F-98B1-C0B2734677A4}"
EndProject
Project("{FAE04EC0-301F-11D3-BF4B-00C04F79EFBC}") = "BusinessSystemControlLibrary", "BusinessSystemControlLibrary\BusinessSystemControlLibrary.csproj", "{70516E7C-314F-4907-B5FC-3801EB00F60A}"
EndProject
Global
	GlobalSection(SolutionConfigurationPlatforms) = preSolution
		Debug|Any CPU = Debug|Any CPU
		Debug|ARM = Debug|ARM
		Debug|ARM64 = Debug|ARM64
		Debug|x64 = Debug|x64
		Debug|x86 = Debug|x86
		Release|Any CPU = Release|Any CPU
		Release|ARM = Release|ARM
		Release|ARM64 = Release|ARM64
		Release|x64 = Release|x64
		Release|x86 = Release|x86
	EndGlobalSection
	GlobalSection(ProjectConfigurationPlatforms) = postSolution
		{0E8E8405-AA03-4341-9FDF-54CC5447471E}.Debug|Any CPU.ActiveCfg = Debug|Any CPU
		{0E8E8405-AA03-4341-9FDF-54CC5447471E}.Debug|Any CPU.Build.0 = Debug|Any CPU
		{0E8E8405-AA03-4341-9FDF-54CC5447471E}.Debug|ARM.ActiveCfg = Debug|Any CPU
		{0E8E8405-AA03-4341-9FDF-54CC5447471E}.Debug|ARM.Build.0 = Debug|Any CPU
		{0E8E8405-AA03-4341-9FDF-54CC5447471E}.Debug|ARM64.ActiveCfg = Debug|Any CPU
		{0E8E8405-AA03-4341-9FDF-54CC5447471E}.Debug|ARM64.Build.0 = Debug|Any CPU
		{0E8E8405-AA03-4341-9FDF-54CC5447471E}.Debug|x64.ActiveCfg = Debug|Any CPU
		{0E8E8405-AA03-4341-9FDF-54CC5447471E}.Debug|x64.Build.0 = Debug|Any CPU
		{0E8E8405-AA03-4341-9FDF-54CC5447471E}.Debug|x86.ActiveCfg = Debug|Any CPU
		{0E8E8405-AA03-4341-9FDF-54CC5447471E}.Debug|x86.Build.0 = Debug|Any CPU
		{0E8E8405-AA03-4341-9FDF-54CC5447471E}.Release|Any CPU.ActiveCfg = Release|Any CPU
		{0E8E8405-AA03-4341-9FDF-54CC5447471E}.Release|Any CPU.Build.0 = Release|Any CPU
		{0E8E8405-AA03-4341-9FDF-54CC5447471E}.Release|ARM.ActiveCfg = Release|Any CPU
		{0E8E8405-AA03-4341-9FDF-54CC5447471E}.Release|ARM.Build.0 = Release|Any CPU
		{0E8E8405-AA03-4341-9FDF-54CC5447471E}.Release|ARM64.ActiveCfg = Release|Any CPU
		{0E8E8405-AA03-4341-9FDF-54CC5447471E}.Release|ARM64.Build.0 = Release|Any CPU
		{0E8E8405-AA03-4341-9FDF-54CC5447471E}.Release|x64.ActiveCfg = Release|Any CPU
		{0E8E8405-AA03-4341-9FDF-54CC5447471E}.Release|x64.Build.0 = Release|Any CPU
		{0E8E8405-AA03-4341-9FDF-54CC5447471E}.Release|x86.ActiveCfg = Release|Any CPU
		{0E8E8405-AA03-4341-9FDF-54CC5447471E}.Release|x86.Build.0 = Release|Any CPU
		{846DE6FF-C319-46DC-A49E-F7213D9F4C60}.Debug|Any CPU.ActiveCfg = Debug|Any CPU
		{846DE6FF-C319-46DC-A49E-F7213D9F4C60}.Debug|Any CPU.Build.0 = Debug|Any CPU
		{846DE6FF-C319-46DC-A49E-F7213D9F4C60}.Debug|ARM.ActiveCfg = Debug|Any CPU
		{846DE6FF-C319-46DC-A49E-F7213D9F4C60}.Debug|ARM.Build.0 = Debug|Any CPU
		{846DE6FF-C319-46DC-A49E-F7213D9F4C60}.Debug|ARM64.ActiveCfg = Debug|Any CPU
		{846DE6FF-C319-46DC-A49E-F7213D9F4C60}.Debug|ARM64.Build.0 = Debug|Any CPU
		{846DE6FF-C319-46DC-A49E-F7213D9F4C60}.Debug|x64.ActiveCfg = Debug|Any CPU
		{846DE6FF-C319-46DC-A49E-F7213D9F4C60}.Debug|x64.Build.0 = Debug|Any CPU
		{846DE6FF-C319-46DC-A49E-F7213D9F4C60}.Debug|x86.ActiveCfg = Debug|Any CPU
		{846DE6FF-C319-46DC-A49E-F7213D9F4C60}.Debug|x86.Build.0 = Debug|Any CPU
		{846DE6FF-C319-46DC-A49E-F7213D9F4C60}.Release|Any CPU.ActiveCfg = Release|Any CPU
		{846DE6FF-C319-46DC-A49E-F7213D9F4C60}.Release|Any CPU.Build.0 = Release|Any CPU
		{846DE6FF-C319-46DC-A49E-F7213D9F4C60}.Release|ARM.ActiveCfg = Release|Any CPU
		{846DE6FF-C319-46DC-A49E-F7213D9F4C60}.Release|ARM.Build.0 = Release|Any CPU
		{846DE6FF-C319-46DC-A49E-F7213D9F4C60}.Release|ARM64.ActiveCfg = Release|Any CPU
		{846DE6FF-C319-46DC-A49E-F7213D9F4C60}.Release|ARM64.Build.0 = Release|Any CPU
		{846DE6FF-C319-46DC-A49E-F7213D9F4C60}.Release|x64.ActiveCfg = Release|Any CPU
		{846DE6FF-C319-46DC-A49E-F7213D9F4C60}.Release|x64.Build.0 = Release|Any CPU
		{846DE6FF-C319-46DC-A49E-F7213D9F4C60}.Release|x86.ActiveCfg = Release|Any CPU
		{846DE6FF-C319-46DC-A49E-F7213D9F4C60}.Release|x86.Build.0 = Release|Any CPU
		{70516E7C-314F-4907-B5FC-3801EB00F60A}.Debug|Any CPU.ActiveCfg = Debug|Any CPU
		{70516E7C-314F-4907-B5FC-3801EB00F60A}.Debug|Any CPU.Build.0 = Debug|Any CPU
		{70516E7C-314F-4907-B5FC-3801EB00F60A}.Debug|ARM.ActiveCfg = Debug|Any CPU
		{70516E7C-314F-4907-B5FC-3801EB00F60A}.Debug|ARM.Build.0 = Debug|Any CPU
		{70516E7C-314F-4907-B5FC-3801EB00F60A}.Debug|ARM64.ActiveCfg = Debug|Any CPU
		{70516E7C-314F-4907-B5FC-3801EB00F60A}.Debug|ARM64.Build.0 = Debug|Any CPU
		{70516E7C-314F-4907-B5FC-3801EB00F60A}.Debug|x64.ActiveCfg = Debug|Any CPU
		{70516E7C-314F-4907-B5FC-3801EB00F60A}.Debug|x64.Build.0 = Debug|Any CPU
		{70516E7C-314F-4907-B5FC-3801EB00F60A}.Debug|x86.ActiveCfg = Debug|Any CPU
		{70516E7C-314F-4907-B5FC-3801EB00F60A}.Debug|x86.Build.0 = Debug|Any CPU
		{70516E7C-314F-4907-B5FC-3801EB00F60A}.Release|Any CPU.ActiveCfg = Release|Any CPU
		{70516E7C-314F-4907-B5FC-3801EB00F60A}.Release|Any CPU.Build.0 = Release|Any CPU
		{70516E7C-314F-4907-B5FC-3801EB00F60A}.Release|ARM.ActiveCfg = Release|Any CPU
		{70516E7C-314F-4907-B5FC-3801EB00F60A}.Release|ARM.Build.0 = Release|Any CPU
		{70516E7C-314F-4907-B5FC-3801EB00F60A}.Release|ARM64.ActiveCfg = Release|Any CPU
		{70516E7C-314F-4907-B5FC-3801EB00F60A}.Release|ARM64.Build.0 = Release|Any CPU
		{70516E7C-314F-4907-B5FC-3801EB00F60A}.Release|x64.ActiveCfg = Release|Any CPU
		{70516E7C-314F-4907-B5FC-3801EB00F60A}.Release|x64.Build.0 = Release|Any CPU
		{70516E7C-314F-4907-B5FC-3801EB00F60A}.Release|x86.ActiveCfg = Release|Any CPU
		{70516E7C-314F-4907-B5FC-3801EB00F60A}.Release|x86.Build.0 = Release|Any CPU
		{1902C417-BF2F-4EBD-B834-C2FCA45A6E00}.Debug|Any CPU.ActiveCfg = Debug|Any CPU
		{1902C417-BF2F-4EBD-B834-C2FCA45A6E00}.Debug|Any CPU.Build.0 = Debug|Any CPU
		{1902C417-BF2F-4EBD-B834-C2FCA45A6E00}.Release|Any CPU.ActiveCfg = Release|Any CPU
		{1902C417-BF2F-4EBD-B834-C2FCA45A6E00}.Release|Any CPU.Build.0 = Release|Any CPU
		{F9B06959-355D-4641-BF4C-47135DD5EF57}.Debug|Any CPU.ActiveCfg = Debug|Any CPU
		{F9B06959-355D-4641-BF4C-47135DD5EF57}.Debug|Any CPU.Build.0 = Debug|Any CPU
		{F9B06959-355D-4641-BF4C-47135DD5EF57}.Release|Any CPU.ActiveCfg = Release|Any CPU
		{F9B06959-355D-4641-BF4C-47135DD5EF57}.Release|Any CPU.Build.0 = Release|Any CPU
		{F15169FD-5172-4D9F-98B1-C0B2734677A4}.Debug|Any CPU.ActiveCfg = Debug|Any CPU
		{F15169FD-5172-4D9F-98B1-C0B2734677A4}.Debug|Any CPU.Build.0 = Debug|Any CPU
		{F15169FD-5172-4D9F-98B1-C0B2734677A4}.Release|Any CPU.ActiveCfg = Release|Any CPU
		{F15169FD-5172-4D9F-98B1-C0B2734677A4}.Release|Any CPU.Build.0 = Release|Any CPU
	EndGlobalSection
	GlobalSection(SolutionProperties) = preSolution
		HideSolutionNode = FALSE
	EndGlobalSection
	GlobalSection(ExtensibilityGlobals) = postSolution
		SolutionGuid = {CDB38D25-9277-4469-B0BF-4625FC68826D}
	EndGlobalSection
EndGlobal
