
Microsoft Visual Studio Solution File, Format Version 12.00
# Visual Studio 15
VisualStudioVersion = 15.0.28307.1062
MinimumVisualStudioVersion = 10.0.40219.1
Project("{E24C65DC-7377-472B-9ABA-BC803B73C61A}") = "MSIT126_13_JSHW", "MSIT126_13_JSHW\", "{05F2CCB0-EA4B-4BCA-B913-113D99718E58}"
	ProjectSection(WebsiteProperties) = preProject
		TargetFrameworkMoniker = ".NETFramework,Version%3Dv4.6.1"
		Debug.AspNetCompiler.VirtualPath = "/localhost_61291"
		Debug.AspNetCompiler.PhysicalPath = "MSIT126_13_JSHW\"
		Debug.AspNetCompiler.TargetPath = "PrecompiledWeb\localhost_61291\"
		Debug.AspNetCompiler.Updateable = "true"
		Debug.AspNetCompiler.ForceOverwrite = "true"
		Debug.AspNetCompiler.FixedNames = "false"
		Debug.AspNetCompiler.Debug = "True"
		Release.AspNetCompiler.VirtualPath = "/localhost_61291"
		Release.AspNetCompiler.PhysicalPath = "MSIT126_13_JSHW\"
		Release.AspNetCompiler.TargetPath = "PrecompiledWeb\localhost_61291\"
		Release.AspNetCompiler.Updateable = "true"
		Release.AspNetCompiler.ForceOverwrite = "true"
		Release.AspNetCompiler.FixedNames = "false"
		Release.AspNetCompiler.Debug = "False"
		VWDPort = "61291"
		SlnRelativePath = "MSIT126_13_JSHW\"
		DefaultWebSiteLanguage = "Visual C#"
	EndProjectSection
EndProject
Global
	GlobalSection(SolutionConfigurationPlatforms) = preSolution
		Debug|Any CPU = Debug|Any CPU
	EndGlobalSection
	GlobalSection(ProjectConfigurationPlatforms) = postSolution
		{05F2CCB0-EA4B-4BCA-B913-113D99718E58}.Debug|Any CPU.ActiveCfg = Debug|Any CPU
		{05F2CCB0-EA4B-4BCA-B913-113D99718E58}.Debug|Any CPU.Build.0 = Debug|Any CPU
	EndGlobalSection
	GlobalSection(SolutionProperties) = preSolution
		HideSolutionNode = FALSE
	EndGlobalSection
	GlobalSection(ExtensibilityGlobals) = postSolution
		SolutionGuid = {8BC0F357-5C4C-46F4-974C-AB5FFE846E7F}
	EndGlobalSection
EndGlobal
